
Microsoft Visual Studio Solution File, Format Version 12.00
# Visual Studio Version 16
VisualStudioVersion = 16.0.30517.126
MinimumVisualStudioVersion = 10.0.40219.1
Project("{FAE04EC0-301F-11D3-BF4B-00C04F79EFBC}") = "Aula", "Aula\Aula.csproj", "{BE4BE888-057D-4A7B-B781-B4F6CC9759C6}"
EndProject
Global
	GlobalSection(SolutionConfigurationPlatforms) = preSolution
		Debug|Any CPU = Debug|Any CPU
		Release|Any CPU = Release|Any CPU
	EndGlobalSection
	GlobalSection(ProjectConfigurationPlatforms) = postSolution
		{BE4BE888-057D-4A7B-B781-B4F6CC9759C6}.Debug|Any CPU.ActiveCfg = Debug|Any CPU
		{BE4BE888-057D-4A7B-B781-B4F6CC9759C6}.Debug|Any CPU.Build.0 = Debug|Any CPU
		{BE4BE888-057D-4A7B-B781-B4F6CC9759C6}.Release|Any CPU.ActiveCfg = Release|Any CPU
		{BE4BE888-057D-4A7B-B781-B4F6CC9759C6}.Release|Any CPU.Build.0 = Release|Any CPU
	EndGlobalSection
	GlobalSection(SolutionProperties) = preSolution
		HideSolutionNode = FALSE
	EndGlobalSection
	GlobalSection(ExtensibilityGlobals) = postSolution
		SolutionGuid = {C9A78BC2-C5CF-4183-96AC-88F934DDE10C}
	EndGlobalSection
EndGlobal
